
Microsoft Visual Studio Solution File, Format Version 12.00
# Visual Studio Version 17
VisualStudioVersion = 17.4.33110.190
MinimumVisualStudioVersion = 10.0.40219.1
Project("{9A19103F-16F7-4668-BE54-9A1E7A4F7556}") = "Day_2", "Day_2\Day_2.csproj", "{9656285B-A7B4-4BDB-ABCD-C1B0FB3B3C82}"
EndProject
Project("{9A19103F-16F7-4668-BE54-9A1E7A4F7556}") = "Day_3", "Day_3\Day_3.csproj", "{1255CB9B-EDBF-4005-AD81-76C384C6CA68}"
EndProject
Project("{9A19103F-16F7-4668-BE54-9A1E7A4F7556}") = "Day_1", "Day_1\Day_1.csproj", "{41CA06AE-285E-42E0-96D4-377524137478}"
EndProject
Project("{9A19103F-16F7-4668-BE54-9A1E7A4F7556}") = "Day_4", "Day_4\Day_4.csproj", "{598520CE-FD13-4796-A8D7-00CAC3699FA9}"
EndProject
Project("{9A19103F-16F7-4668-BE54-9A1E7A4F7556}") = "Day_5", "Day_5\Day_5.csproj", "{A4D87A18-21F2-4250-AE6A-381A53B63A68}"
EndProject
Project("{FAE04EC0-301F-11D3-BF4B-00C04F79EFBC}") = "Day_6", "Day_6\Day_6.csproj", "{29073860-7849-4BEF-BB56-171DE27FA244}"
EndProject
Global
	GlobalSection(SolutionConfigurationPlatforms) = preSolution
		Debug|Any CPU = Debug|Any CPU
		Release|Any CPU = Release|Any CPU
	EndGlobalSection
	GlobalSection(ProjectConfigurationPlatforms) = postSolution
		{9656285B-A7B4-4BDB-ABCD-C1B0FB3B3C82}.Debug|Any CPU.ActiveCfg = Debug|Any CPU
		{9656285B-A7B4-4BDB-ABCD-C1B0FB3B3C82}.Debug|Any CPU.Build.0 = Debug|Any CPU
		{9656285B-A7B4-4BDB-ABCD-C1B0FB3B3C82}.Release|Any CPU.ActiveCfg = Release|Any CPU
		{9656285B-A7B4-4BDB-ABCD-C1B0FB3B3C82}.Release|Any CPU.Build.0 = Release|Any CPU
		{1255CB9B-EDBF-4005-AD81-76C384C6CA68}.Debug|Any CPU.ActiveCfg = Debug|Any CPU
		{1255CB9B-EDBF-4005-AD81-76C384C6CA68}.Debug|Any CPU.Build.0 = Debug|Any CPU
		{1255CB9B-EDBF-4005-AD81-76C384C6CA68}.Release|Any CPU.ActiveCfg = Release|Any CPU
		{1255CB9B-EDBF-4005-AD81-76C384C6CA68}.Release|Any CPU.Build.0 = Release|Any CPU
		{41CA06AE-285E-42E0-96D4-377524137478}.Debug|Any CPU.ActiveCfg = Debug|Any CPU
		{41CA06AE-285E-42E0-96D4-377524137478}.Debug|Any CPU.Build.0 = Debug|Any CPU
		{41CA06AE-285E-42E0-96D4-377524137478}.Release|Any CPU.ActiveCfg = Release|Any CPU
		{41CA06AE-285E-42E0-96D4-377524137478}.Release|Any CPU.Build.0 = Release|Any CPU
		{598520CE-FD13-4796-A8D7-00CAC3699FA9}.Debug|Any CPU.ActiveCfg = Debug|Any CPU
		{598520CE-FD13-4796-A8D7-00CAC3699FA9}.Debug|Any CPU.Build.0 = Debug|Any CPU
		{598520CE-FD13-4796-A8D7-00CAC3699FA9}.Release|Any CPU.ActiveCfg = Release|Any CPU
		{598520CE-FD13-4796-A8D7-00CAC3699FA9}.Release|Any CPU.Build.0 = Release|Any CPU
		{A4D87A18-21F2-4250-AE6A-381A53B63A68}.Debug|Any CPU.ActiveCfg = Debug|Any CPU
		{A4D87A18-21F2-4250-AE6A-381A53B63A68}.Debug|Any CPU.Build.0 = Debug|Any CPU
		{A4D87A18-21F2-4250-AE6A-381A53B63A68}.Release|Any CPU.ActiveCfg = Release|Any CPU
		{A4D87A18-21F2-4250-AE6A-381A53B63A68}.Release|Any CPU.Build.0 = Release|Any CPU
		{29073860-7849-4BEF-BB56-171DE27FA244}.Debug|Any CPU.ActiveCfg = Debug|Any CPU
		{29073860-7849-4BEF-BB56-171DE27FA244}.Debug|Any CPU.Build.0 = Debug|Any CPU
		{29073860-7849-4BEF-BB56-171DE27FA244}.Release|Any CPU.ActiveCfg = Release|Any CPU
		{29073860-7849-4BEF-BB56-171DE27FA244}.Release|Any CPU.Build.0 = Release|Any CPU
	EndGlobalSection
	GlobalSection(SolutionProperties) = preSolution
		HideSolutionNode = FALSE
	EndGlobalSection
	GlobalSection(ExtensibilityGlobals) = postSolution
		SolutionGuid = {2E30615C-7E17-4818-A5DD-3AE2E0A705C1}
	EndGlobalSection
EndGlobal
